
Microsoft Visual Studio Solution File, Format Version 12.00
# Visual Studio Version 17
VisualStudioVersion = 17.7.34003.232
MinimumVisualStudioVersion = 10.0.40219.1
Project("{FAE04EC0-301F-11D3-BF4B-00C04F79EFBC}") = "NoSQLHasználat", "NoSQLHasználat.csproj", "{0160D2D6-ECF1-49C4-907D-03D755FB74B5}"
EndProject
Global
	GlobalSection(SolutionConfigurationPlatforms) = preSolution
		Debug|Any CPU = Debug|Any CPU
		Release|Any CPU = Release|Any CPU
	EndGlobalSection
	GlobalSection(ProjectConfigurationPlatforms) = postSolution
		{0160D2D6-ECF1-49C4-907D-03D755FB74B5}.Debug|Any CPU.ActiveCfg = Debug|Any CPU
		{0160D2D6-ECF1-49C4-907D-03D755FB74B5}.Debug|Any CPU.Build.0 = Debug|Any CPU
		{0160D2D6-ECF1-49C4-907D-03D755FB74B5}.Release|Any CPU.ActiveCfg = Release|Any CPU
		{0160D2D6-ECF1-49C4-907D-03D755FB74B5}.Release|Any CPU.Build.0 = Release|Any CPU
	EndGlobalSection
	GlobalSection(SolutionProperties) = preSolution
		HideSolutionNode = FALSE
	EndGlobalSection
	GlobalSection(ExtensibilityGlobals) = postSolution
		SolutionGuid = {FEBA519E-A482-4C50-903C-855FF9E5158C}
	EndGlobalSection
EndGlobal
